Microsoft Visual Studio Solution File, Format Version 12.00
# Visual Studio Version 17
VisualStudioVersion = 17.5.2.0
MinimumVisualStudioVersion = 10.0.40219.1
Project("{FAE04EC0-301F-11D3-BF4B-00C04F79EFBC}") = "Day 1", "Day 1\Day 1.csproj", "{580CB23E-F1E8-8F80-63A1-A90B6FFE1E1D}"
EndProject
Project("{FAE04EC0-301F-11D3-BF4B-00C04F79EFBC}") = "Day 2", "Day 2\Day 2.csproj", "{9D8EEFC3-F3BC-1C3B-3887-71F194091749}"
EndProject
Project("{FAE04EC0-301F-11D3-BF4B-00C04F79EFBC}") = "Day 3", "Day 3\Day 3.csproj", "{AAAD6391-10E7-7BC3-0DDA-D440186F1366}"
EndProject
Project("{FAE04EC0-301F-11D3-BF4B-00C04F79EFBC}") = "Day 4", "Day 4\Day 4.csproj", "{9C793809-6033-34FD-35BE-067052A150ED}"
EndProject
Project("{FAE04EC0-301F-11D3-BF4B-00C04F79EFBC}") = "Day 5", "Day 5\Day 5.csproj", "{8AF543C9-0122-C2EF-5300-766881BB0968}"
EndProject
Project("{FAE04EC0-301F-11D3-BF4B-00C04F79EFBC}") = "Day 6", "Day 6\Day 6.csproj", "{491055C7-EAAC-81E3-E1D6-AF03CF1CC422}"
EndProject
Global
	GlobalSection(SolutionConfigurationPlatforms) = preSolution
		Debug|Any CPU = Debug|Any CPU
		Release|Any CPU = Release|Any CPU
	EndGlobalSection
	GlobalSection(ProjectConfigurationPlatforms) = postSolution
		{580CB23E-F1E8-8F80-63A1-A90B6FFE1E1D}.Debug|Any CPU.ActiveCfg = Debug|Any CPU
		{580CB23E-F1E8-8F80-63A1-A90B6FFE1E1D}.Debug|Any CPU.Build.0 = Debug|Any CPU
		{580CB23E-F1E8-8F80-63A1-A90B6FFE1E1D}.Release|Any CPU.ActiveCfg = Release|Any CPU
		{580CB23E-F1E8-8F80-63A1-A90B6FFE1E1D}.Release|Any CPU.Build.0 = Release|Any CPU
		{9D8EEFC3-F3BC-1C3B-3887-71F194091749}.Debug|Any CPU.ActiveCfg = Debug|Any CPU
		{9D8EEFC3-F3BC-1C3B-3887-71F194091749}.Debug|Any CPU.Build.0 = Debug|Any CPU
		{9D8EEFC3-F3BC-1C3B-3887-71F194091749}.Release|Any CPU.ActiveCfg = Release|Any CPU
		{9D8EEFC3-F3BC-1C3B-3887-71F194091749}.Release|Any CPU.Build.0 = Release|Any CPU
		{AAAD6391-10E7-7BC3-0DDA-D440186F1366}.Debug|Any CPU.ActiveCfg = Debug|Any CPU
		{AAAD6391-10E7-7BC3-0DDA-D440186F1366}.Debug|Any CPU.Build.0 = Debug|Any CPU
		{AAAD6391-10E7-7BC3-0DDA-D440186F1366}.Release|Any CPU.ActiveCfg = Release|Any CPU
		{AAAD6391-10E7-7BC3-0DDA-D440186F1366}.Release|Any CPU.Build.0 = Release|Any CPU
		{9C793809-6033-34FD-35BE-067052A150ED}.Debug|Any CPU.ActiveCfg = Debug|Any CPU
		{9C793809-6033-34FD-35BE-067052A150ED}.Debug|Any CPU.Build.0 = Debug|Any CPU
		{9C793809-6033-34FD-35BE-067052A150ED}.Release|Any CPU.ActiveCfg = Release|Any CPU
		{9C793809-6033-34FD-35BE-067052A150ED}.Release|Any CPU.Build.0 = Release|Any CPU
		{8AF543C9-0122-C2EF-5300-766881BB0968}.Debug|Any CPU.ActiveCfg = Debug|Any CPU
		{8AF543C9-0122-C2EF-5300-766881BB0968}.Debug|Any CPU.Build.0 = Debug|Any CPU
		{8AF543C9-0122-C2EF-5300-766881BB0968}.Release|Any CPU.ActiveCfg = Release|Any CPU
		{8AF543C9-0122-C2EF-5300-766881BB0968}.Release|Any CPU.Build.0 = Release|Any CPU
		{491055C7-EAAC-81E3-E1D6-AF03CF1CC422}.Debug|Any CPU.ActiveCfg = Debug|Any CPU
		{491055C7-EAAC-81E3-E1D6-AF03CF1CC422}.Debug|Any CPU.Build.0 = Debug|Any CPU
		{491055C7-EAAC-81E3-E1D6-AF03CF1CC422}.Release|Any CPU.ActiveCfg = Release|Any CPU
		{491055C7-EAAC-81E3-E1D6-AF03CF1CC422}.Release|Any CPU.Build.0 = Release|Any CPU
	EndGlobalSection
	GlobalSection(SolutionProperties) = preSolution
		HideSolutionNode = FALSE
	EndGlobalSection
	GlobalSection(ExtensibilityGlobals) = postSolution
		SolutionGuid = {BD89F377-D3E4-4B6A-854E-33B2A7B8953B}
	EndGlobalSection
EndGlobal
